
Microsoft Visual Studio Solution File, Format Version 12.00
# Visual Studio 14
VisualStudioVersion = 14.0.25420.1
MinimumVisualStudioVersion = 10.0.40219.1
Project("{FAE04EC0-301F-11D3-BF4B-00C04F79EFBC}") = "XamarinDO.News", "XamarinDO.News\XamarinDO.News\XamarinDO.News.csproj", "{214E7856-2FC7-47F2-A219-1AECF696B338}"
EndProject
Project("{FAE04EC0-301F-11D3-BF4B-00C04F79EFBC}") = "XamarinDO.News.Droid", "XamarinDO.News\XamarinDO.News.Droid\XamarinDO.News.Droid.csproj", "{C30572E4-068C-49F4-AF7F-1529ACF7E772}"
EndProject
Project("{FAE04EC0-301F-11D3-BF4B-00C04F79EFBC}") = "XamarinDO.News.iOS", "XamarinDO.News\XamarinDO.News.iOS\XamarinDO.News.iOS.csproj", "{DDED81BB-71C8-43C0-AA34-D92CC2072C3F}"
EndProject
Project("{FAE04EC0-301F-11D3-BF4B-00C04F79EFBC}") = "XamarinDO.News.WinPhone", "XamarinDO.News\XamarinDO.News.WinPhone\XamarinDO.News.WinPhone.csproj", "{55EF7045-753F-4936-B7BE-E194B2C25981}"
EndProject
Global
	GlobalSection(SolutionConfigurationPlatforms) = preSolution
		Ad-Hoc|Any CPU = Ad-Hoc|Any CPU
		Ad-Hoc|ARM = Ad-Hoc|ARM
		Ad-Hoc|iPhone = Ad-Hoc|iPhone
		Ad-Hoc|iPhoneSimulator = Ad-Hoc|iPhoneSimulator
		Ad-Hoc|x86 = Ad-Hoc|x86
		AppStore|Any CPU = AppStore|Any CPU
		AppStore|ARM = AppStore|ARM
		AppStore|iPhone = AppStore|iPhone
		AppStore|iPhoneSimulator = AppStore|iPhoneSimulator
		AppStore|x86 = AppStore|x86
		Debug|Any CPU = Debug|Any CPU
		Debug|ARM = Debug|ARM
		Debug|iPhone = Debug|iPhone
		Debug|iPhoneSimulator = Debug|iPhoneSimulator
		Debug|x86 = Debug|x86
		Release|Any CPU = Release|Any CPU
		Release|ARM = Release|ARM
		Release|iPhone = Release|iPhone
		Release|iPhoneSimulator = Release|iPhoneSimulator
		Release|x86 = Release|x86
	EndGlobalSection
	GlobalSection(ProjectConfigurationPlatforms) = postSolution
		{214E7856-2FC7-47F2-A219-1AECF696B338}.Ad-Hoc|Any CPU.ActiveCfg = Release|Any CPU
		{214E7856-2FC7-47F2-A219-1AECF696B338}.Ad-Hoc|Any CPU.Build.0 = Release|Any CPU
		{214E7856-2FC7-47F2-A219-1AECF696B338}.Ad-Hoc|ARM.ActiveCfg = Release|Any CPU
		{214E7856-2FC7-47F2-A219-1AECF696B338}.Ad-Hoc|ARM.Build.0 = Release|Any CPU
		{214E7856-2FC7-47F2-A219-1AECF696B338}.Ad-Hoc|iPhone.ActiveCfg = Release|Any CPU
		{214E7856-2FC7-47F2-A219-1AECF696B338}.Ad-Hoc|iPhone.Build.0 = Release|Any CPU
		{214E7856-2FC7-47F2-A219-1AECF696B338}.Ad-Hoc|iPhoneSimulator.ActiveCfg = Release|Any CPU
		{214E7856-2FC7-47F2-A219-1AECF696B338}.Ad-Hoc|iPhoneSimulator.Build.0 = Release|Any CPU
		{214E7856-2FC7-47F2-A219-1AECF696B338}.Ad-Hoc|x86.ActiveCfg = Release|Any CPU
		{214E7856-2FC7-47F2-A219-1AECF696B338}.Ad-Hoc|x86.Build.0 = Release|Any CPU
		{214E7856-2FC7-47F2-A219-1AECF696B338}.AppStore|Any CPU.ActiveCfg = Release|Any CPU
		{214E7856-2FC7-47F2-A219-1AECF696B338}.AppStore|Any CPU.Build.0 = Release|Any CPU
		{214E7856-2FC7-47F2-A219-1AECF696B338}.AppStore|ARM.ActiveCfg = Release|Any CPU
		{214E7856-2FC7-47F2-A219-1AECF696B338}.AppStore|ARM.Build.0 = Release|Any CPU
		{214E7856-2FC7-47F2-A219-1AECF696B338}.AppStore|iPhone.ActiveCfg = Release|Any CPU
		{214E7856-2FC7-47F2-A219-1AECF696B338}.AppStore|iPhone.Build.0 = Release|Any CPU
		{214E7856-2FC7-47F2-A219-1AECF696B338}.AppStore|iPhoneSimulator.ActiveCfg = Release|Any CPU
		{214E7856-2FC7-47F2-A219-1AECF696B338}.AppStore|iPhoneSimulator.Build.0 = Release|Any CPU
		{214E7856-2FC7-47F2-A219-1AECF696B338}.AppStore|x86.ActiveCfg = Release|Any CPU
		{214E7856-2FC7-47F2-A219-1AECF696B338}.AppStore|x86.Build.0 = Release|Any CPU
		{214E7856-2FC7-47F2-A219-1AECF696B338}.Debug|Any CPU.ActiveCfg = Debug|Any CPU
		{214E7856-2FC7-47F2-A219-1AECF696B338}.Debug|Any CPU.Build.0 = Debug|Any CPU
		{214E7856-2FC7-47F2-A219-1AECF696B338}.Debug|ARM.ActiveCfg = Debug|Any CPU
		{214E7856-2FC7-47F2-A219-1AECF696B338}.Debug|ARM.Build.0 = Debug|Any CPU
		{214E7856-2FC7-47F2-A219-1AECF696B338}.Debug|iPhone.ActiveCfg = Debug|Any CPU
		{214E7856-2FC7-47F2-A219-1AECF696B338}.Debug|iPhone.Build.0 = Debug|Any CPU
		{214E7856-2FC7-47F2-A219-1AECF696B338}.Debug|iPhoneSimulator.ActiveCfg = Debug|Any CPU
		{214E7856-2FC7-47F2-A219-1AECF696B338}.Debug|iPhoneSimulator.Build.0 = Debug|Any CPU
		{214E7856-2FC7-47F2-A219-1AECF696B338}.Debug|x86.ActiveCfg = Debug|Any CPU
		{214E7856-2FC7-47F2-A219-1AECF696B338}.Debug|x86.Build.0 = Debug|Any CPU
		{214E7856-2FC7-47F2-A219-1AECF696B338}.Release|Any CPU.ActiveCfg = Release|Any CPU
		{214E7856-2FC7-47F2-A219-1AECF696B338}.Release|Any CPU.Build.0 = Release|Any CPU
		{214E7856-2FC7-47F2-A219-1AECF696B338}.Release|ARM.ActiveCfg = Release|Any CPU
		{214E7856-2FC7-47F2-A219-1AECF696B338}.Release|ARM.Build.0 = Release|Any CPU
		{214E7856-2FC7-47F2-A219-1AECF696B338}.Release|iPhone.ActiveCfg = Release|Any CPU
		{214E7856-2FC7-47F2-A219-1AECF696B338}.Release|iPhone.Build.0 = Release|Any CPU
		{214E7856-2FC7-47F2-A219-1AECF696B338}.Release|iPhoneSimulator.ActiveCfg = Release|Any CPU
		{214E7856-2FC7-47F2-A219-1AECF696B338}.Release|iPhoneSimulator.Build.0 = Release|Any CPU
		{214E7856-2FC7-47F2-A219-1AECF696B338}.Release|x86.ActiveCfg = Release|Any CPU
		{214E7856-2FC7-47F2-A219-1AECF696B338}.Release|x86.Build.0 = Release|Any CPU
		{C30572E4-068C-49F4-AF7F-1529ACF7E772}.Ad-Hoc|Any CPU.ActiveCfg = Release|Any CPU
		{C30572E4-068C-49F4-AF7F-1529ACF7E772}.Ad-Hoc|Any CPU.Build.0 = Release|Any CPU
		{C30572E4-068C-49F4-AF7F-1529ACF7E772}.Ad-Hoc|Any CPU.Deploy.0 = Release|Any CPU
		{C30572E4-068C-49F4-AF7F-1529ACF7E772}.Ad-Hoc|ARM.ActiveCfg = Release|Any CPU
		{C30572E4-068C-49F4-AF7F-1529ACF7E772}.Ad-Hoc|ARM.Build.0 = Release|Any CPU
		{C30572E4-068C-49F4-AF7F-1529ACF7E772}.Ad-Hoc|ARM.Deploy.0 = Release|Any CPU
		{C30572E4-068C-49F4-AF7F-1529ACF7E772}.Ad-Hoc|iPhone.ActiveCfg = Release|Any CPU
		{C30572E4-068C-49F4-AF7F-1529ACF7E772}.Ad-Hoc|iPhone.Build.0 = Release|Any CPU
		{C30572E4-068C-49F4-AF7F-1529ACF7E772}.Ad-Hoc|iPhone.Deploy.0 = Release|Any CPU
		{C30572E4-068C-49F4-AF7F-1529ACF7E772}.Ad-Hoc|iPhoneSimulator.ActiveCfg = Release|Any CPU
		{C30572E4-068C-49F4-AF7F-1529ACF7E772}.Ad-Hoc|iPhoneSimulator.Build.0 = Release|Any CPU
		{C30572E4-068C-49F4-AF7F-1529ACF7E772}.Ad-Hoc|iPhoneSimulator.Deploy.0 = Release|Any CPU
		{C30572E4-068C-49F4-AF7F-1529ACF7E772}.Ad-Hoc|x86.ActiveCfg = Release|Any CPU
		{C30572E4-068C-49F4-AF7F-1529ACF7E772}.Ad-Hoc|x86.Build.0 = Release|Any CPU
		{C30572E4-068C-49F4-AF7F-1529ACF7E772}.Ad-Hoc|x86.Deploy.0 = Release|Any CPU
		{C30572E4-068C-49F4-AF7F-1529ACF7E772}.AppStore|Any CPU.ActiveCfg = Release|Any CPU
		{C30572E4-068C-49F4-AF7F-1529ACF7E772}.AppStore|Any CPU.Build.0 = Release|Any CPU
		{C30572E4-068C-49F4-AF7F-1529ACF7E772}.AppStore|Any CPU.Deploy.0 = Release|Any CPU
		{C30572E4-068C-49F4-AF7F-1529ACF7E772}.AppStore|ARM.ActiveCfg = Release|Any CPU
		{C30572E4-068C-49F4-AF7F-1529ACF7E772}.AppStore|ARM.Build.0 = Release|Any CPU
		{C30572E4-068C-49F4-AF7F-1529ACF7E772}.AppStore|ARM.Deploy.0 = Release|Any CPU
		{C30572E4-068C-49F4-AF7F-1529ACF7E772}.AppStore|iPhone.ActiveCfg = Release|Any CPU
		{C30572E4-068C-49F4-AF7F-1529ACF7E772}.AppStore|iPhone.Build.0 = Release|Any CPU
		{C30572E4-068C-49F4-AF7F-1529ACF7E772}.AppStore|iPhone.Deploy.0 = Release|Any CPU
		{C30572E4-068C-49F4-AF7F-1529ACF7E772}.AppStore|iPhoneSimulator.ActiveCfg = Release|Any CPU
		{C30572E4-068C-49F4-AF7F-1529ACF7E772}.AppStore|iPhoneSimulator.Build.0 = Release|Any CPU
		{C30572E4-068C-49F4-AF7F-1529ACF7E772}.AppStore|iPhoneSimulator.Deploy.0 = Release|Any CPU
		{C30572E4-068C-49F4-AF7F-1529ACF7E772}.AppStore|x86.ActiveCfg = Release|Any CPU
		{C30572E4-068C-49F4-AF7F-1529ACF7E772}.AppStore|x86.Build.0 = Release|Any CPU
		{C30572E4-068C-49F4-AF7F-1529ACF7E772}.AppStore|x86.Deploy.0 = Release|Any CPU
		{C30572E4-068C-49F4-AF7F-1529ACF7E772}.Debug|Any CPU.ActiveCfg = Debug|Any CPU
		{C30572E4-068C-49F4-AF7F-1529ACF7E772}.Debug|Any CPU.Build.0 = Debug|Any CPU
		{C30572E4-068C-49F4-AF7F-1529ACF7E772}.Debug|Any CPU.Deploy.0 = Debug|Any CPU
		{C30572E4-068C-49F4-AF7F-1529ACF7E772}.Debug|ARM.ActiveCfg = Debug|Any CPU
		{C30572E4-068C-49F4-AF7F-1529ACF7E772}.Debug|ARM.Build.0 = Debug|Any CPU
		{C30572E4-068C-49F4-AF7F-1529ACF7E772}.Debug|ARM.Deploy.0 = Debug|Any CPU
		{C30572E4-068C-49F4-AF7F-1529ACF7E772}.Debug|iPhone.ActiveCfg = Debug|Any CPU
		{C30572E4-068C-49F4-AF7F-1529ACF7E772}.Debug|iPhone.Build.0 = Debug|Any CPU
		{C30572E4-068C-49F4-AF7F-1529ACF7E772}.Debug|iPhone.Deploy.0 = Debug|Any CPU
		{C30572E4-068C-49F4-AF7F-1529ACF7E772}.Debug|iPhoneSimulator.ActiveCfg = Debug|Any CPU
		{C30572E4-068C-49F4-AF7F-1529ACF7E772}.Debug|iPhoneSimulator.Build.0 = Debug|Any CPU
		{C30572E4-068C-49F4-AF7F-1529ACF7E772}.Debug|iPhoneSimulator.Deploy.0 = Debug|Any CPU
		{C30572E4-068C-49F4-AF7F-1529ACF7E772}.Debug|x86.ActiveCfg = Debug|Any CPU
		{C30572E4-068C-49F4-AF7F-1529ACF7E772}.Debug|x86.Build.0 = Debug|Any CPU
		{C30572E4-068C-49F4-AF7F-1529ACF7E772}.Debug|x86.Deploy.0 = Debug|Any CPU
		{C30572E4-068C-49F4-AF7F-1529ACF7E772}.Release|Any CPU.ActiveCfg = Release|Any CPU
		{C30572E4-068C-49F4-AF7F-1529ACF7E772}.Release|Any CPU.Build.0 = Release|Any CPU
		{C30572E4-068C-49F4-AF7F-1529ACF7E772}.Release|Any CPU.Deploy.0 = Release|Any CPU
		{C30572E4-068C-49F4-AF7F-1529ACF7E772}.Release|ARM.ActiveCfg = Release|Any CPU
		{C30572E4-068C-49F4-AF7F-1529ACF7E772}.Release|ARM.Build.0 = Release|Any CPU
		{C30572E4-068C-49F4-AF7F-1529ACF7E772}.Release|ARM.Deploy.0 = Release|Any CPU
		{C30572E4-068C-49F4-AF7F-1529ACF7E772}.Release|iPhone.ActiveCfg = Release|Any CPU
		{C30572E4-068C-49F4-AF7F-1529ACF7E772}.Release|iPhone.Build.0 = Release|Any CPU
		{C30572E4-068C-49F4-AF7F-1529ACF7E772}.Release|iPhone.Deploy.0 = Release|Any CPU
		{C30572E4-068C-49F4-AF7F-1529ACF7E772}.Release|iPhoneSimulator.ActiveCfg = Release|Any CPU
		{C30572E4-068C-49F4-AF7F-1529ACF7E772}.Release|iPhoneSimulator.Build.0 = Release|Any CPU
		{C30572E4-068C-49F4-AF7F-1529ACF7E772}.Release|iPhoneSimulator.Deploy.0 = Release|Any CPU
		{C30572E4-068C-49F4-AF7F-1529ACF7E772}.Release|x86.ActiveCfg = Release|Any CPU
		{C30572E4-068C-49F4-AF7F-1529ACF7E772}.Release|x86.Build.0 = Release|Any CPU
		{C30572E4-068C-49F4-AF7F-1529ACF7E772}.Release|x86.Deploy.0 = Release|Any CPU
		{DDED81BB-71C8-43C0-AA34-D92CC2072C3F}.Ad-Hoc|Any CPU.ActiveCfg = Ad-Hoc|iPhone
		{DDED81BB-71C8-43C0-AA34-D92CC2072C3F}.Ad-Hoc|ARM.ActiveCfg = Ad-Hoc|iPhone
		{DDED81BB-71C8-43C0-AA34-D92CC2072C3F}.Ad-Hoc|iPhone.ActiveCfg = Ad-Hoc|iPhone
		{DDED81BB-71C8-43C0-AA34-D92CC2072C3F}.Ad-Hoc|iPhone.Build.0 = Ad-Hoc|iPhone
		{DDED81BB-71C8-43C0-AA34-D92CC2072C3F}.Ad-Hoc|iPhoneSimulator.ActiveCfg = Ad-Hoc|iPhoneSimulator
		{DDED81BB-71C8-43C0-AA34-D92CC2072C3F}.Ad-Hoc|iPhoneSimulator.Build.0 = Ad-Hoc|iPhoneSimulator
		{DDED81BB-71C8-43C0-AA34-D92CC2072C3F}.Ad-Hoc|x86.ActiveCfg = Ad-Hoc|iPhone
		{DDED81BB-71C8-43C0-AA34-D92CC2072C3F}.AppStore|Any CPU.ActiveCfg = AppStore|iPhone
		{DDED81BB-71C8-43C0-AA34-D92CC2072C3F}.AppStore|ARM.ActiveCfg = AppStore|iPhone
		{DDED81BB-71C8-43C0-AA34-D92CC2072C3F}.AppStore|iPhone.ActiveCfg = AppStore|iPhone
		{DDED81BB-71C8-43C0-AA34-D92CC2072C3F}.AppStore|iPhone.Build.0 = AppStore|iPhone
		{DDED81BB-71C8-43C0-AA34-D92CC2072C3F}.AppStore|iPhoneSimulator.ActiveCfg = AppStore|iPhoneSimulator
		{DDED81BB-71C8-43C0-AA34-D92CC2072C3F}.AppStore|iPhoneSimulator.Build.0 = AppStore|iPhoneSimulator
		{DDED81BB-71C8-43C0-AA34-D92CC2072C3F}.AppStore|x86.ActiveCfg = AppStore|iPhone
		{DDED81BB-71C8-43C0-AA34-D92CC2072C3F}.Debug|Any CPU.ActiveCfg = Debug|iPhone
		{DDED81BB-71C8-43C0-AA34-D92CC2072C3F}.Debug|ARM.ActiveCfg = Debug|iPhone
		{DDED81BB-71C8-43C0-AA34-D92CC2072C3F}.Debug|iPhone.ActiveCfg = Debug|iPhone
		{DDED81BB-71C8-43C0-AA34-D92CC2072C3F}.Debug|iPhone.Build.0 = Debug|iPhone
		{DDED81BB-71C8-43C0-AA34-D92CC2072C3F}.Debug|iPhoneSimulator.ActiveCfg = Debug|iPhoneSimulator
		{DDED81BB-71C8-43C0-AA34-D92CC2072C3F}.Debug|iPhoneSimulator.Build.0 = Debug|iPhoneSimulator
		{DDED81BB-71C8-43C0-AA34-D92CC2072C3F}.Debug|x86.ActiveCfg = Debug|iPhone
		{DDED81BB-71C8-43C0-AA34-D92CC2072C3F}.Release|Any CPU.ActiveCfg = Release|iPhone
		{DDED81BB-71C8-43C0-AA34-D92CC2072C3F}.Release|ARM.ActiveCfg = Release|iPhone
		{DDED81BB-71C8-43C0-AA34-D92CC2072C3F}.Release|iPhone.ActiveCfg = Release|iPhone
		{DDED81BB-71C8-43C0-AA34-D92CC2072C3F}.Release|iPhone.Build.0 = Release|iPhone
		{DDED81BB-71C8-43C0-AA34-D92CC2072C3F}.Release|iPhoneSimulator.ActiveCfg = Release|iPhoneSimulator
		{DDED81BB-71C8-43C0-AA34-D92CC2072C3F}.Release|iPhoneSimulator.Build.0 = Release|iPhoneSimulator
		{DDED81BB-71C8-43C0-AA34-D92CC2072C3F}.Release|x86.ActiveCfg = Release|iPhone
		{55EF7045-753F-4936-B7BE-E194B2C25981}.Ad-Hoc|Any CPU.ActiveCfg = Release|Any CPU
		{55EF7045-753F-4936-B7BE-E194B2C25981}.Ad-Hoc|Any CPU.Build.0 = Release|Any CPU
		{55EF7045-753F-4936-B7BE-E194B2C25981}.Ad-Hoc|Any CPU.Deploy.0 = Release|Any CPU
		{55EF7045-753F-4936-B7BE-E194B2C25981}.Ad-Hoc|ARM.ActiveCfg = Release|ARM
		{55EF7045-753F-4936-B7BE-E194B2C25981}.Ad-Hoc|ARM.Build.0 = Release|ARM
		{55EF7045-753F-4936-B7BE-E194B2C25981}.Ad-Hoc|ARM.Deploy.0 = Release|ARM
		{55EF7045-753F-4936-B7BE-E194B2C25981}.Ad-Hoc|iPhone.ActiveCfg = Release|Any CPU
		{55EF7045-753F-4936-B7BE-E194B2C25981}.Ad-Hoc|iPhone.Build.0 = Release|Any CPU
		{55EF7045-753F-4936-B7BE-E194B2C25981}.Ad-Hoc|iPhone.Deploy.0 = Release|Any CPU
		{55EF7045-753F-4936-B7BE-E194B2C25981}.Ad-Hoc|iPhoneSimulator.ActiveCfg = Release|Any CPU
		{55EF7045-753F-4936-B7BE-E194B2C25981}.Ad-Hoc|iPhoneSimulator.Build.0 = Release|Any CPU
		{55EF7045-753F-4936-B7BE-E194B2C25981}.Ad-Hoc|iPhoneSimulator.Deploy.0 = Release|Any CPU
		{55EF7045-753F-4936-B7BE-E194B2C25981}.Ad-Hoc|x86.ActiveCfg = Release|x86
		{55EF7045-753F-4936-B7BE-E194B2C25981}.Ad-Hoc|x86.Build.0 = Release|x86
		{55EF7045-753F-4936-B7BE-E194B2C25981}.Ad-Hoc|x86.Deploy.0 = Release|x86
		{55EF7045-753F-4936-B7BE-E194B2C25981}.AppStore|Any CPU.ActiveCfg = Release|Any CPU
		{55EF7045-753F-4936-B7BE-E194B2C25981}.AppStore|Any CPU.Build.0 = Release|Any CPU
		{55EF7045-753F-4936-B7BE-E194B2C25981}.AppStore|Any CPU.Deploy.0 = Release|Any CPU
		{55EF7045-753F-4936-B7BE-E194B2C25981}.AppStore|ARM.ActiveCfg = Release|ARM
		{55EF7045-753F-4936-B7BE-E194B2C25981}.AppStore|ARM.Build.0 = Release|ARM
		{55EF7045-753F-4936-B7BE-E194B2C25981}.AppStore|ARM.Deploy.0 = Release|ARM
		{55EF7045-753F-4936-B7BE-E194B2C25981}.AppStore|iPhone.ActiveCfg = Release|Any CPU
		{55EF7045-753F-4936-B7BE-E194B2C25981}.AppStore|iPhone.Build.0 = Release|Any CPU
		{55EF7045-753F-4936-B7BE-E194B2C25981}.AppStore|iPhone.Deploy.0 = Release|Any CPU
		{55EF7045-753F-4936-B7BE-E194B2C25981}.AppStore|iPhoneSimulator.ActiveCfg = Release|Any CPU
		{55EF7045-753F-4936-B7BE-E194B2C25981}.AppStore|iPhoneSimulator.Build.0 = Release|Any CPU
		{55EF7045-753F-4936-B7BE-E194B2C25981}.AppStore|iPhoneSimulator.Deploy.0 = Release|Any CPU
		{55EF7045-753F-4936-B7BE-E194B2C25981}.AppStore|x86.ActiveCfg = Release|x86
		{55EF7045-753F-4936-B7BE-E194B2C25981}.AppStore|x86.Build.0 = Release|x86
		{55EF7045-753F-4936-B7BE-E194B2C25981}.AppStore|x86.Deploy.0 = Release|x86
		{55EF7045-753F-4936-B7BE-E194B2C25981}.Debug|Any CPU.ActiveCfg = Debug|Any CPU
		{55EF7045-753F-4936-B7BE-E194B2C25981}.Debug|Any CPU.Build.0 = Debug|Any CPU
		{55EF7045-753F-4936-B7BE-E194B2C25981}.Debug|Any CPU.Deploy.0 = Debug|Any CPU
		{55EF7045-753F-4936-B7BE-E194B2C25981}.Debug|ARM.ActiveCfg = Debug|ARM
		{55EF7045-753F-4936-B7BE-E194B2C25981}.Debug|ARM.Build.0 = Debug|ARM
		{55EF7045-753F-4936-B7BE-E194B2C25981}.Debug|ARM.Deploy.0 = Debug|ARM
		{55EF7045-753F-4936-B7BE-E194B2C25981}.Debug|iPhone.ActiveCfg = Debug|Any CPU
		{55EF7045-753F-4936-B7BE-E194B2C25981}.Debug|iPhone.Build.0 = Debug|Any CPU
		{55EF7045-753F-4936-B7BE-E194B2C25981}.Debug|iPhone.Deploy.0 = Debug|Any CPU
		{55EF7045-753F-4936-B7BE-E194B2C25981}.Debug|iPhoneSimulator.ActiveCfg = Debug|Any CPU
		{55EF7045-753F-4936-B7BE-E194B2C25981}.Debug|iPhoneSimulator.Build.0 = Debug|Any CPU
		{55EF7045-753F-4936-B7BE-E194B2C25981}.Debug|iPhoneSimulator.Deploy.0 = Debug|Any CPU
		{55EF7045-753F-4936-B7BE-E194B2C25981}.Debug|x86.ActiveCfg = Debug|x86
		{55EF7045-753F-4936-B7BE-E194B2C25981}.Debug|x86.Build.0 = Debug|x86
		{55EF7045-753F-4936-B7BE-E194B2C25981}.Debug|x86.Deploy.0 = Debug|x86
		{55EF7045-753F-4936-B7BE-E194B2C25981}.Release|Any CPU.ActiveCfg = Release|Any CPU
		{55EF7045-753F-4936-B7BE-E194B2C25981}.Release|Any CPU.Build.0 = Release|Any CPU
		{55EF7045-753F-4936-B7BE-E194B2C25981}.Release|Any CPU.Deploy.0 = Release|Any CPU
		{55EF7045-753F-4936-B7BE-E194B2C25981}.Release|ARM.ActiveCfg = Release|ARM
		{55EF7045-753F-4936-B7BE-E194B2C25981}.Release|ARM.Build.0 = Release|ARM
		{55EF7045-753F-4936-B7BE-E194B2C25981}.Release|ARM.Deploy.0 = Release|ARM
		{55EF7045-753F-4936-B7BE-E194B2C25981}.Release|iPhone.ActiveCfg = Release|Any CPU
		{55EF7045-753F-4936-B7BE-E194B2C25981}.Release|iPhone.Build.0 = Release|Any CPU
		{55EF7045-753F-4936-B7BE-E194B2C25981}.Release|iPhone.Deploy.0 = Release|Any CPU
		{55EF7045-753F-4936-B7BE-E194B2C25981}.Release|iPhoneSimulator.ActiveCfg = Release|Any CPU
		{55EF7045-753F-4936-B7BE-E194B2C25981}.Release|iPhoneSimulator.Build.0 = Release|Any CPU
		{55EF7045-753F-4936-B7BE-E194B2C25981}.Release|iPhoneSimulator.Deploy.0 = Release|Any CPU
		{55EF7045-753F-4936-B7BE-E194B2C25981}.Release|x86.ActiveCfg = Release|x86
		{55EF7045-753F-4936-B7BE-E194B2C25981}.Release|x86.Build.0 = Release|x86
		{55EF7045-753F-4936-B7BE-E194B2C25981}.Release|x86.Deploy.0 = Release|x86
	EndGlobalSection
	GlobalSection(SolutionProperties) = preSolution
		HideSolutionNode = FALSE
	EndGlobalSection
EndGlobal
